
Microsoft Visual Studio Solution File, Format Version 12.00
Project("{2150E333-8FDC-42A3-9474-1A3956D46DE8}") = "Domain", "Domain", "{8D1BB160-F256-4C79-A1A8-C8B264B4D7F7}"
EndProject
Project("{FAE04EC0-301F-11D3-BF4B-00C04F79EFBC}") = "Domain", "Domain\Domain.csproj", "{BD7088C3-BCE7-41A7-810F-F5728BE7B4E4}"
EndProject
Project("{2150E333-8FDC-42A3-9474-1A3956D46DE8}") = "Infra", "Infra", "{8422CF1C-FCE1-437E-86E4-E746DF5350A5}"
EndProject
Project("{FAE04EC0-301F-11D3-BF4B-00C04F79EFBC}") = "Infra", "Infra\Infra.csproj", "{1BB10810-CFCF-4C02-BCE1-156EE883E9B0}"
EndProject
Project("{2150E333-8FDC-42A3-9474-1A3956D46DE8}") = "Service", "Service", "{11B22A92-1081-4156-980F-55BDE8C0BBCC}"
EndProject
Project("{FAE04EC0-301F-11D3-BF4B-00C04F79EFBC}") = "Service", "Service\Service.csproj", "{2B358B44-BE20-43B9-BE36-27399ED4CD05}"
EndProject
Project("{2150E333-8FDC-42A3-9474-1A3956D46DE8}") = "Application", "Application", "{C76EE834-B294-442D-BDB8-3D8ED47276CF}"
EndProject
Project("{2150E333-8FDC-42A3-9474-1A3956D46DE8}") = "SolutionFolder1", "SolutionFolder1", "{7E994389-20A5-45BF-B442-33CB6753A34C}"
EndProject
Project("{FAE04EC0-301F-11D3-BF4B-00C04F79EFBC}") = "Application", "Application\Application.csproj", "{B0E0DDFF-C456-4FBA-A230-3C3045449FDF}"
EndProject
Global
	GlobalSection(SolutionConfigurationPlatforms) = preSolution
		Debug|Any CPU = Debug|Any CPU
		Release|Any CPU = Release|Any CPU
	EndGlobalSection
	GlobalSection(ProjectConfigurationPlatforms) = postSolution
		{BD7088C3-BCE7-41A7-810F-F5728BE7B4E4}.Debug|Any CPU.ActiveCfg = Debug|Any CPU
		{BD7088C3-BCE7-41A7-810F-F5728BE7B4E4}.Debug|Any CPU.Build.0 = Debug|Any CPU
		{BD7088C3-BCE7-41A7-810F-F5728BE7B4E4}.Release|Any CPU.ActiveCfg = Release|Any CPU
		{BD7088C3-BCE7-41A7-810F-F5728BE7B4E4}.Release|Any CPU.Build.0 = Release|Any CPU
		{1BB10810-CFCF-4C02-BCE1-156EE883E9B0}.Debug|Any CPU.ActiveCfg = Debug|Any CPU
		{1BB10810-CFCF-4C02-BCE1-156EE883E9B0}.Debug|Any CPU.Build.0 = Debug|Any CPU
		{1BB10810-CFCF-4C02-BCE1-156EE883E9B0}.Release|Any CPU.ActiveCfg = Release|Any CPU
		{1BB10810-CFCF-4C02-BCE1-156EE883E9B0}.Release|Any CPU.Build.0 = Release|Any CPU
		{2B358B44-BE20-43B9-BE36-27399ED4CD05}.Debug|Any CPU.ActiveCfg = Debug|Any CPU
		{2B358B44-BE20-43B9-BE36-27399ED4CD05}.Debug|Any CPU.Build.0 = Debug|Any CPU
		{2B358B44-BE20-43B9-BE36-27399ED4CD05}.Release|Any CPU.ActiveCfg = Release|Any CPU
		{2B358B44-BE20-43B9-BE36-27399ED4CD05}.Release|Any CPU.Build.0 = Release|Any CPU
		{B0E0DDFF-C456-4FBA-A230-3C3045449FDF}.Debug|Any CPU.ActiveCfg = Debug|Any CPU
		{B0E0DDFF-C456-4FBA-A230-3C3045449FDF}.Debug|Any CPU.Build.0 = Debug|Any CPU
		{B0E0DDFF-C456-4FBA-A230-3C3045449FDF}.Release|Any CPU.ActiveCfg = Release|Any CPU
		{B0E0DDFF-C456-4FBA-A230-3C3045449FDF}.Release|Any CPU.Build.0 = Release|Any CPU
	EndGlobalSection
	GlobalSection(NestedProjects) = preSolution
		{BD7088C3-BCE7-41A7-810F-F5728BE7B4E4} = {8D1BB160-F256-4C79-A1A8-C8B264B4D7F7}
		{1BB10810-CFCF-4C02-BCE1-156EE883E9B0} = {8422CF1C-FCE1-437E-86E4-E746DF5350A5}
		{2B358B44-BE20-43B9-BE36-27399ED4CD05} = {11B22A92-1081-4156-980F-55BDE8C0BBCC}
		{B0E0DDFF-C456-4FBA-A230-3C3045449FDF} = {C76EE834-B294-442D-BDB8-3D8ED47276CF}
	EndGlobalSection
EndGlobal
